{
    "_readme": [
        "This file locks the dependencies of your project to a known state",
        "Read more about it at https://getcomposer.org/doc/01-basic-usage.md#composer-lock-the-lock-file",
        "This file is @generated automatically"
    ],
    "content-hash": "64c2cb844c219d703181fe6d7ea0a992",
    "packages": [
        {
            "name": "cheprasov/php-cli-args",
            "version": "2.1.0",
            "source": {
                "type": "git",
                "url": "https://github.com/cheprasov/php-cli-args.git",
                "reference": "86826b948a93ddaf3ce50ad73f1319024164a76f"
            },
            "dist": {
                "type": "zip",
                "url": "https://api.github.com/repos/cheprasov/php-cli-args/zipball/86826b948a93ddaf3ce50ad73f1319024164a76f",
                "reference": "86826b948a93ddaf3ce50ad73f1319024164a76f",
                "shasum": ""
            },
            "require": {
                "php": ">=5.5"
            },
            "require-dev": {
                "phpunit/phpunit": "4.8.*"
            },
            "type": "library",
            "autoload": {
                "psr-0": {
                    "CliArgs\\": "src"
                }
            },
            "notification-url": "https://packagist.org/downloads/",
            "license": [
                "MIT"
            ],
            "authors": [
                {
                    "name": "Alexander Cheprasov",
                    "email": "acheprasov84@gmail.com"
                }
            ],
            "description": "Easy way to gets options from the command line argument list",
            "homepage": "http://github.com/cheprasov/php-cli-args",
            "time": "2018-03-10T18:03:37+00:00"
        },
        {
            "name": "malenki/ansi",
            "version": "1.2.6",
            "source": {
                "type": "git",
                "url": "https://github.com/malenkiki/ansi.git",
                "reference": "0333e9b36022b1c7da46be0bace2b41ce865df3c"
            },
            "dist": {
                "type": "zip",
                "url": "https://api.github.com/repos/malenkiki/ansi/zipball/0333e9b36022b1c7da46be0bace2b41ce865df3c",
                "reference": "0333e9b36022b1c7da46be0bace2b41ce865df3c",
                "shasum": ""
            },
            "require": {
                "php": ">=5.3.0"
            },
            "type": "library",
            "autoload": {
                "psr-0": {
                    "Malenki": "src/"
                }
            },
            "notification-url": "https://packagist.org/downloads/",
            "license": [
                "MIT"
            ],
            "authors": [
                {
                    "name": "Michel Petit",
                    "email": "petit.michel@gmail.com",
                    "role": "Developer"
                }
            ],
            "description": "Simple class to put some colors into your CLI PHP apps!",
            "homepage": "https://github.com/malenkiki/ansi",
            "keywords": [
                "ansi",
                "cli",
                "colors"
            ],
            "time": "2014-03-03T12:56:07+00:00"
        },
        {
            "name": "malenki/argile",
            "version": "3.0",
            "source": {
                "type": "git",
                "url": "https://github.com/malenkiki/argile.git",
                "reference": "b576a0e4dacbeb076d891b1947689cf9c5f9ec6c"
            },
            "dist": {
                "type": "zip",
                "url": "https://api.github.com/repos/malenkiki/argile/zipball/b576a0e4dacbeb076d891b1947689cf9c5f9ec6c",
                "reference": "b576a0e4dacbeb076d891b1947689cf9c5f9ec6c",
                "shasum": ""
            },
            "require": {
                "malenki/ansi": ">=1.2.3",
                "malenki/bah": ">=0.9.1",
                "php": ">=5.3.0"
            },
            "type": "library",
            "autoload": {
                "psr-0": {
                    "Malenki\\Argile": "src/"
                }
            },
            "notification-url": "https://packagist.org/downloads/",
            "license": [
                "MIT"
            ],
            "authors": [
                {
                    "name": "Michel Petit",
                    "email": "petit.michel@gmail.com",
                    "role": "Developer"
                }
            ],
            "description": "CLI app now easy when using args!",
            "homepage": "https://github.com/malenkiki/argile",
            "keywords": [
                "arg",
                "cli",
                "optget"
            ],
            "time": "2014-02-21T12:55:42+00:00"
        },
        {
            "name": "malenki/bah",
            "version": "0.9.4",
            "source": {
                "type": "git",
                "url": "https://github.com/malenkiki/bah.git",
                "reference": "b3903ca8d362b49e00d569d9a87b57f9217497b2"
            },
            "dist": {
                "type": "zip",
                "url": "https://api.github.com/repos/malenkiki/bah/zipball/b3903ca8d362b49e00d569d9a87b57f9217497b2",
                "reference": "b3903ca8d362b49e00d569d9a87b57f9217497b2",
                "shasum": ""
            },
            "require": {
                "ext-mbstring": "*",
                "php": ">=5.3.0"
            },
            "require-dev": {
                "apigen/apigen": "~2.8.0",
                "nette/nette": "~2.1.3",
                "phpdocumentor/phpdocumentor": "2.6.1",
                "phpunit/phpunit": "4.1.3"
            },
            "type": "library",
            "autoload": {
                "psr-0": {
                    "Malenki\\Bah": "src/"
                }
            },
            "notification-url": "https://packagist.org/downloads/",
            "license": [
                "MIT"
            ],
            "authors": [
                {
                    "name": "Michel Petit",
                    "email": "petit.michel@gmail.com",
                    "role": "Developer"
                }
            ],
            "description": "Simple basic PHP classes to play with String, Character, Hash, Collection, Number… A little toolbox to replace PHP primitive types!",
            "homepage": "https://github.com/malenkiki/bah",
            "keywords": [
                "array",
                "character",
                "hash",
                "number",
                "string"
            ],
            "time": "2014-08-02T09:43:26+00:00"
        }
    ],
    "packages-dev": [],
    "aliases": [],
    "minimum-stability": "stable",
    "stability-flags": [],
    "prefer-stable": false,
    "prefer-lowest": false,
    "platform": [],
    "platform-dev": []
}
